
Microsoft Visual Studio Solution File, Format Version 12.00
# Visual Studio 15
VisualStudioVersion = 15.0.28307.106
MinimumVisualStudioVersion = 10.0.40219.1
Project("{FAE04EC0-301F-11D3-BF4B-00C04F79EFBC}") = "Identificador.API", "src\Identificador.API\Identificador.API.csproj", "{A24C693B-0E38-4E61-93C2-2A00E5042F5B}"
EndProject
Global
	GlobalSection(SolutionConfigurationPlatforms) = preSolution
		Debug|Any CPU = Debug|Any CPU
		Release|Any CPU = Release|Any CPU
	EndGlobalSection
	GlobalSection(ProjectConfigurationPlatforms) = postSolution
		{A24C693B-0E38-4E61-93C2-2A00E5042F5B}.Debug|Any CPU.ActiveCfg = Debug|Any CPU
		{A24C693B-0E38-4E61-93C2-2A00E5042F5B}.Debug|Any CPU.Build.0 = Debug|Any CPU
		{A24C693B-0E38-4E61-93C2-2A00E5042F5B}.Release|Any CPU.ActiveCfg = Release|Any CPU
		{A24C693B-0E38-4E61-93C2-2A00E5042F5B}.Release|Any CPU.Build.0 = Release|Any CPU
	EndGlobalSection
	GlobalSection(SolutionProperties) = preSolution
		HideSolutionNode = FALSE
	EndGlobalSection
	GlobalSection(ExtensibilityGlobals) = postSolution
		SolutionGuid = {88E5E28F-1A7A-46A3-A283-3A0F0B9604AE}
	EndGlobalSection
EndGlobal
